
Microsoft Visual Studio Solution File, Format Version 12.00
# Visual Studio Version 17
VisualStudioVersion = 17.8.34330.188
MinimumVisualStudioVersion = 10.0.40219.1
Project("{FAE04EC0-301F-11D3-BF4B-00C04F79EFBC}") = "projekt", "projekt.csproj", "{FF37E355-2BF8-431B-8D84-EBA871E9BDC8}"
EndProject
Global
	GlobalSection(SolutionConfigurationPlatforms) = preSolution
		Debug|Any CPU = Debug|Any CPU
		Release|Any CPU = Release|Any CPU
	EndGlobalSection
	GlobalSection(ProjectConfigurationPlatforms) = postSolution
		{FF37E355-2BF8-431B-8D84-EBA871E9BDC8}.Debug|Any CPU.ActiveCfg = Debug|Any CPU
		{FF37E355-2BF8-431B-8D84-EBA871E9BDC8}.Debug|Any CPU.Build.0 = Debug|Any CPU
		{FF37E355-2BF8-431B-8D84-EBA871E9BDC8}.Release|Any CPU.ActiveCfg = Release|Any CPU
		{FF37E355-2BF8-431B-8D84-EBA871E9BDC8}.Release|Any CPU.Build.0 = Release|Any CPU
	EndGlobalSection
	GlobalSection(SolutionProperties) = preSolution
		HideSolutionNode = FALSE
	EndGlobalSection
	GlobalSection(ExtensibilityGlobals) = postSolution
		SolutionGuid = {FE189AB8-DB11-4B45-8048-D6248C2BEC4F}
	EndGlobalSection
EndGlobal
